
Microsoft Visual Studio Solution File, Format Version 12.00
# Visual Studio Version 17
VisualStudioVersion = 17.5.002.0
MinimumVisualStudioVersion = 10.0.40219.1
Project("{9A19103F-16F7-4668-BE54-9A1E7A4F7556}") = "SharableChest", "SharableChest.csproj", "{AB12EA32-585A-4C5E-B207-DC3A51B71477}"
EndProject
Global
	GlobalSection(SolutionConfigurationPlatforms) = preSolution
		Debug|Any CPU = Debug|Any CPU
		Release|Any CPU = Release|Any CPU
	EndGlobalSection
	GlobalSection(ProjectConfigurationPlatforms) = postSolution
		{AB12EA32-585A-4C5E-B207-DC3A51B71477}.Debug|Any CPU.ActiveCfg = Debug|Any CPU
		{AB12EA32-585A-4C5E-B207-DC3A51B71477}.Debug|Any CPU.Build.0 = Debug|Any CPU
		{AB12EA32-585A-4C5E-B207-DC3A51B71477}.Release|Any CPU.ActiveCfg = Release|Any CPU
		{AB12EA32-585A-4C5E-B207-DC3A51B71477}.Release|Any CPU.Build.0 = Release|Any CPU
	EndGlobalSection
	GlobalSection(SolutionProperties) = preSolution
		HideSolutionNode = FALSE
	EndGlobalSection
	GlobalSection(ExtensibilityGlobals) = postSolution
		SolutionGuid = {348B3455-658F-4FC1-8EAE-E15F710EB0F3}
	EndGlobalSection
EndGlobal
